PODS:
  - Alamofire (5.0.0-rc.3)
  - GoogleMaps (3.7.0):
    - GoogleMaps/Maps (= 3.7.0)
  - GoogleMaps/Base (3.7.0)
  - GoogleMaps/Maps (3.7.0):
    - GoogleMaps/Base
  - GooglePlaces (3.7.0):
    - GoogleMaps/Base (= 3.7.0)

DEPENDENCIES:
  - Alamofire (~> 5.0.0-rc.2)
  - GoogleMaps
  - GooglePlaces

SPEC REPOS:
  trunk:
    - Alamofire
    - GoogleMaps
    - GooglePlaces

SPEC CHECKSUMS:
  Alamofire: ca8c0de6906873be89d6deec5c8de279e00bf872
  GoogleMaps: 55da829c68aa931f3ae982b9e341cc2f3d89c587
  GooglePlaces: a62077320f9d64239245af63aa1aa136393ebeb6

PODFILE CHECKSUM: a0e06e11bc233f1a34e27e0ea4d5b652bd1962bb

COCOAPODS: 1.8.4
